encore.dev v1.1.0 h1:OXAOw441M7wAllwTH2EadOWLThKzLg48bGSs44Kdd3U=
encore.dev v1.1.0/go.mod h1:eKOQ6G72uYiV0DbDJam6BB07KsIfvpqT3cQfadCShao=
encore.dev v1.37.0 h1:of8TTr+SEPHb9riB6feibBa/6mjbaElVd519pOK026w=
encore.dev v1.37.0/go.mod h1:XdWK6bKKAVzutmOKpC5qzalDQJLNfRCF/YCgA7OUZ3E=
golang.org/x/sync v0.0.0-20210220032951-036812b2e83c h1:5KslGYwFpkhGh+Q16bwMP3cOontH8FOep7tGV86Y7SQ=
golang.org/x/sync v0.0.0-20210220032951-036812b2e83c/go.mod h1:RxMgew5VJxzue5/jJTE5uejpjVlOe/izrB70Jof72aM=
golang.org/x/sync v0.0.0-20220923202941-7f9b1623fab7 h1:ZrnxWX62AgTKOSagEqxvb3ffipvEDX2pl7E1TdqLqIc=
golang.org/x/sync v0.0.0-20220923202941-7f9b1623fab7/go.mod h1:RxMgew5VJxzue5/jJTE5uejpjVlOe/izrB70Jof72aM=
